
Microsoft Visual Studio Solution File, Format Version 12.00
# Visual Studio Version 16
VisualStudioVersion = 16.0.29609.76
MinimumVisualStudioVersion = 10.0.40219.1
Project("{8BC9CEB8-8B4A-11D0-8D11-00A0C91BC942}") = "VS_project", "VS_project.vcxproj", "{BF62B6AF-6C38-4077-9304-BD9982E31D63}"
EndProject
Global
	GlobalSection(SolutionConfigurationPlatforms) = preSolution
		Debug|x64 = Debug|x64
		Release|x64 = Release|x64
	EndGlobalSection
	GlobalSection(ProjectConfigurationPlatforms) = postSolution
		{BF62B6AF-6C38-4077-9304-BD9982E31D63}.Debug|x64.ActiveCfg = Debug|x64
		{BF62B6AF-6C38-4077-9304-BD9982E31D63}.Debug|x64.Build.0 = Debug|x64
		{BF62B6AF-6C38-4077-9304-BD9982E31D63}.Release|x64.ActiveCfg = Release|x64
		{BF62B6AF-6C38-4077-9304-BD9982E31D63}.Release|x64.Build.0 = Release|x64
	EndGlobalSection
	GlobalSection(SolutionProperties) = preSolution
		HideSolutionNode = FALSE
	EndGlobalSection
	GlobalSection(ExtensibilityGlobals) = postSolution
		SolutionGuid = {418B0A9A-48F3-4D41-8E6A-8B6BCA7A6107}
	EndGlobalSection
EndGlobal
